
Microsoft Visual Studio Solution File, Format Version 12.00
# Visual Studio Version 17
VisualStudioVersion = 17.6.33723.286
MinimumVisualStudioVersion = 10.0.40219.1
Project("{9A19103F-16F7-4668-BE54-9A1E7A4F7556}") = "ImageBatchResizer", "ImageAutoResizer\ImageBatchResizer.csproj", "{73883FD8-43CE-4498-89C3-9FACD2ED2913}"
EndProject
Project("{2150E333-8FDC-42A3-9474-1A3956D46DE8}") = "解决方案项", "解决方案项", "{1D0DD006-D640-447D-ADD4-DC64FB817576}"
	ProjectSection(SolutionItems) = preProject
		readme.md = readme.md
	EndProjectSection
EndProject
Global
	GlobalSection(SolutionConfigurationPlatforms) = preSolution
		Debug|Any CPU = Debug|Any CPU
		Release|Any CPU = Release|Any CPU
	EndGlobalSection
	GlobalSection(ProjectConfigurationPlatforms) = postSolution
		{73883FD8-43CE-4498-89C3-9FACD2ED2913}.Debug|Any CPU.ActiveCfg = Debug|Any CPU
		{73883FD8-43CE-4498-89C3-9FACD2ED2913}.Debug|Any CPU.Build.0 = Debug|Any CPU
		{73883FD8-43CE-4498-89C3-9FACD2ED2913}.Release|Any CPU.ActiveCfg = Release|Any CPU
		{73883FD8-43CE-4498-89C3-9FACD2ED2913}.Release|Any CPU.Build.0 = Release|Any CPU
	EndGlobalSection
	GlobalSection(SolutionProperties) = preSolution
		HideSolutionNode = FALSE
	EndGlobalSection
	GlobalSection(ExtensibilityGlobals) = postSolution
		SolutionGuid = {7107A838-2C48-484A-8737-C0A6FE0F5896}
	EndGlobalSection
EndGlobal
